
Microsoft Visual Studio Solution File, Format Version 12.00
# Visual Studio Version 16
VisualStudioVersion = 16.0.31424.327
MinimumVisualStudioVersion = 10.0.40219.1
Project("{E24C65DC-7377-472B-9ABA-BC803B73C61A}") = "JS", "JS\", "{16DDDBC9-DC57-4FC7-9E4E-BF94D82987BE}"
	ProjectSection(WebsiteProperties) = preProject
		TargetFrameworkMoniker = ".NETFramework,Version%3Dv4.0"
		Debug.AspNetCompiler.VirtualPath = "/localhost_59381"
		Debug.AspNetCompiler.PhysicalPath = "JS\"
		Debug.AspNetCompiler.TargetPath = "PrecompiledWeb\localhost_59381\"
		Debug.AspNetCompiler.Updateable = "true"
		Debug.AspNetCompiler.ForceOverwrite = "true"
		Debug.AspNetCompiler.FixedNames = "false"
		Debug.AspNetCompiler.Debug = "True"
		Release.AspNetCompiler.VirtualPath = "/localhost_59381"
		Release.AspNetCompiler.PhysicalPath = "JS\"
		Release.AspNetCompiler.TargetPath = "PrecompiledWeb\localhost_59381\"
		Release.AspNetCompiler.Updateable = "true"
		Release.AspNetCompiler.ForceOverwrite = "true"
		Release.AspNetCompiler.FixedNames = "false"
		Release.AspNetCompiler.Debug = "False"
		VWDPort = "59381"
		SlnRelativePath = "JS\"
	EndProjectSection
EndProject
Project("{888888A0-9F3D-457C-B088-3A5042F75D52}") = "Py", "Py\Py.pyproj", "{58DF04CC-AC8E-40AB-A6E5-00FF983EEE65}"
EndProject
Project("{2150E333-8FDC-42A3-9474-1A3956D46DE8}") = "Pas", "Pas", "{D681856C-FE4B-4E1E-B924-733AAB829EFB}"
	ProjectSection(SolutionItems) = preProject
		Pas\StDB-v105.pas = Pas\StDB-v105.pas
	EndProjectSection
EndProject
Project("{2150E333-8FDC-42A3-9474-1A3956D46DE8}") = "FilesInRoot", "FilesInRoot", "{48F380F4-F4DF-4D82-832B-38B7A3F9DA8C}"
	ProjectSection(SolutionItems) = preProject
		.gitignore = .gitignore
		index.html = index.html
		LICENSE = LICENSE
		README.md = README.md
	EndProjectSection
EndProject
Project("{F184B08F-C81C-45F6-A57F-5ABD9991F28F}") = "VB-Pizza-v101", "VB-Pizza-v101\VB-Pizza-v101.vbproj", "{C650A3C3-4B3C-43B6-A47A-D716A225C202}"
EndProject
Project("{F184B08F-C81C-45F6-A57F-5ABD9991F28F}") = "VB-StDBv105", "VB-StDB-v105\VB-StDBv105.vbproj", "{915E5541-3429-4213-B517-CA6F64492CDB}"
EndProject
Project("{F184B08F-C81C-45F6-A57F-5ABD9991F28F}") = "VB-StDBv106", "VB-StDB-v106\VB-StDBv106.vbproj", "{43B68A98-81FD-42E5-8A25-5FE46A1F3275}"
EndProject
Global
	GlobalSection(SolutionConfigurationPlatforms) = preSolution
		Debug|Any CPU = Debug|Any CPU
		Release|Any CPU = Release|Any CPU
	EndGlobalSection
	GlobalSection(ProjectConfigurationPlatforms) = postSolution
		{16DDDBC9-DC57-4FC7-9E4E-BF94D82987BE}.Debug|Any CPU.ActiveCfg = Debug|Any CPU
		{16DDDBC9-DC57-4FC7-9E4E-BF94D82987BE}.Debug|Any CPU.Build.0 = Debug|Any CPU
		{16DDDBC9-DC57-4FC7-9E4E-BF94D82987BE}.Release|Any CPU.ActiveCfg = Debug|Any CPU
		{16DDDBC9-DC57-4FC7-9E4E-BF94D82987BE}.Release|Any CPU.Build.0 = Debug|Any CPU
		{58DF04CC-AC8E-40AB-A6E5-00FF983EEE65}.Debug|Any CPU.ActiveCfg = Debug|Any CPU
		{58DF04CC-AC8E-40AB-A6E5-00FF983EEE65}.Release|Any CPU.ActiveCfg = Release|Any CPU
		{C650A3C3-4B3C-43B6-A47A-D716A225C202}.Debug|Any CPU.ActiveCfg = Debug|Any CPU
		{C650A3C3-4B3C-43B6-A47A-D716A225C202}.Debug|Any CPU.Build.0 = Debug|Any CPU
		{C650A3C3-4B3C-43B6-A47A-D716A225C202}.Release|Any CPU.ActiveCfg = Release|Any CPU
		{C650A3C3-4B3C-43B6-A47A-D716A225C202}.Release|Any CPU.Build.0 = Release|Any CPU
		{915E5541-3429-4213-B517-CA6F64492CDB}.Debug|Any CPU.ActiveCfg = Debug|Any CPU
		{915E5541-3429-4213-B517-CA6F64492CDB}.Debug|Any CPU.Build.0 = Debug|Any CPU
		{915E5541-3429-4213-B517-CA6F64492CDB}.Release|Any CPU.ActiveCfg = Release|Any CPU
		{915E5541-3429-4213-B517-CA6F64492CDB}.Release|Any CPU.Build.0 = Release|Any CPU
		{43B68A98-81FD-42E5-8A25-5FE46A1F3275}.Debug|Any CPU.ActiveCfg = Debug|Any CPU
		{43B68A98-81FD-42E5-8A25-5FE46A1F3275}.Debug|Any CPU.Build.0 = Debug|Any CPU
		{43B68A98-81FD-42E5-8A25-5FE46A1F3275}.Release|Any CPU.ActiveCfg = Release|Any CPU
		{43B68A98-81FD-42E5-8A25-5FE46A1F3275}.Release|Any CPU.Build.0 = Release|Any CPU
	EndGlobalSection
	GlobalSection(SolutionProperties) = preSolution
		HideSolutionNode = FALSE
	EndGlobalSection
	GlobalSection(ExtensibilityGlobals) = postSolution
		SolutionGuid = {4E462CC5-3D1E-47E7-8B74-64B6DC533CD9}
	EndGlobalSection
EndGlobal
